
Microsoft Visual Studio Solution File, Format Version 12.00
# Visual Studio Version 17
VisualStudioVersion = 17.5.33424.131
MinimumVisualStudioVersion = 10.0.40219.1
Project("{FAE04EC0-301F-11D3-BF4B-00C04F79EFBC}") = "Activity12", "Activity12.csproj", "{A7A063DF-6CE4-4D22-87D9-1C45954472F6}"
EndProject
Global
	GlobalSection(SolutionConfigurationPlatforms) = preSolution
		Debug|Any CPU = Debug|Any CPU
		Release|Any CPU = Release|Any CPU
	EndGlobalSection
	GlobalSection(ProjectConfigurationPlatforms) = postSolution
		{A7A063DF-6CE4-4D22-87D9-1C45954472F6}.Debug|Any CPU.ActiveCfg = Debug|Any CPU
		{A7A063DF-6CE4-4D22-87D9-1C45954472F6}.Debug|Any CPU.Build.0 = Debug|Any CPU
		{A7A063DF-6CE4-4D22-87D9-1C45954472F6}.Release|Any CPU.ActiveCfg = Release|Any CPU
		{A7A063DF-6CE4-4D22-87D9-1C45954472F6}.Release|Any CPU.Build.0 = Release|Any CPU
	EndGlobalSection
	GlobalSection(SolutionProperties) = preSolution
		HideSolutionNode = FALSE
	EndGlobalSection
	GlobalSection(ExtensibilityGlobals) = postSolution
		SolutionGuid = {51E83DBB-BFEC-4741-8E2C-F4AC2B8F63F8}
	EndGlobalSection
EndGlobal
